
Microsoft Visual Studio Solution File, Format Version 12.00
# Visual Studio Version 17
VisualStudioVersion = 17.14.36203.30 d17.14
MinimumVisualStudioVersion = 10.0.40219.1
Project("{FAE04EC0-301F-11D3-BF4B-00C04F79EFBC}") = "ERP", "ERP.csproj", "{A9C04C29-D291-40A0-94E1-A5595B226C82}"
EndProject
Global
	GlobalSection(SolutionConfigurationPlatforms) = preSolution
		Debug|Any CPU = Debug|Any CPU
		Release|Any CPU = Release|Any CPU
	EndGlobalSection
	GlobalSection(ProjectConfigurationPlatforms) = postSolution
		{A9C04C29-D291-40A0-94E1-A5595B226C82}.Debug|Any CPU.ActiveCfg = Debug|Any CPU
		{A9C04C29-D291-40A0-94E1-A5595B226C82}.Debug|Any CPU.Build.0 = Debug|Any CPU
		{A9C04C29-D291-40A0-94E1-A5595B226C82}.Release|Any CPU.ActiveCfg = Release|Any CPU
		{A9C04C29-D291-40A0-94E1-A5595B226C82}.Release|Any CPU.Build.0 = Release|Any CPU
	EndGlobalSection
	GlobalSection(SolutionProperties) = preSolution
		HideSolutionNode = FALSE
	EndGlobalSection
	GlobalSection(ExtensibilityGlobals) = postSolution
		SolutionGuid = {028636C0-09B3-40E2-AA0F-A2320CD238CF}
	EndGlobalSection
EndGlobal
